dependencies:
- name: nyomio-framework
  repository: file://../../../nyomio-framework/ci/helm
  version: 0.0.1
- name: nyomio-app-core-microservice
  repository: file://../../core-microservice/helm
  version: 0.0.1
- name: nyomio-app-nyomio-ui
  repository: file://../../nyomio-ui/helm
  version: 0.0.1
digest: sha256:d658b5de006c35c6e31473ad5b2a72b945fca98959bc89c05780fab9aec8ebb5
generated: "2020-01-07T16:43:00.589686628+01:00"
